
Microsoft Visual Studio Solution File, Format Version 12.00
# Visual Studio Version 16
VisualStudioVersion = 16.0.30011.22
MinimumVisualStudioVersion = 10.0.40219.1
Project("{2150E333-8FDC-42A3-9474-1A3956D46DE8}") = "Day01", "Day01", "{A13B5A24-0C27-4097-BCF0-2C4A6ADECCB4}"
EndProject
Project("{FAE04EC0-301F-11D3-BF4B-00C04F79EFBC}") = "ConsoleAppHelloWorld", "ConsoleAppHelloWorld\ConsoleAppHelloWorld.csproj", "{DF94906B-D8CD-4422-BB3F-649F1D50DD4A}"
EndProject
Project("{2150E333-8FDC-42A3-9474-1A3956D46DE8}") = "Day02", "Day02", "{2B3CB8F9-A73D-415F-8133-A0C6A72D7656}"
EndProject
Project("{FAE04EC0-301F-11D3-BF4B-00C04F79EFBC}") = "ConsoleAppControlStruct", "ConsoleAppControlStruct\ConsoleAppControlStruct.csproj", "{1E9FD6A3-FAE4-44E6-8FC0-D886358B9CD3}"
EndProject
Project("{2150E333-8FDC-42A3-9474-1A3956D46DE8}") = "Day03", "Day03", "{DE7474D4-A3E1-432C-924B-24AB32AE1B4F}"
EndProject
Project("{FAE04EC0-301F-11D3-BF4B-00C04F79EFBC}") = "ConsoleAppLoopStatement", "ConsoleAppLoopStatement\ConsoleAppLoopStatement.csproj", "{3345A40C-FCC2-4B14-8CBD-B9ED0DF330AB}"
EndProject
Project("{FAE04EC0-301F-11D3-BF4B-00C04F79EFBC}") = "ConsoleAppJumpStatement", "ConsoleAppJumpStatement\ConsoleAppJumpStatement.csproj", "{FA27934A-0904-433B-B354-32E7576F8728}"
EndProject
Project("{FAE04EC0-301F-11D3-BF4B-00C04F79EFBC}") = "ConsoleAppEnum", "ConsoleAppEnum\ConsoleAppEnum.csproj", "{CDDC2F40-B19D-41E6-9551-C824D4F9BFBD}"
EndProject
Project("{2150E333-8FDC-42A3-9474-1A3956D46DE8}") = "Day04", "Day04", "{90D9873B-E894-44E7-B5DB-867AD46E1DC4}"
EndProject
Project("{FAE04EC0-301F-11D3-BF4B-00C04F79EFBC}") = "ConsoleAppObject", "ConsoleAppObject\ConsoleAppObject.csproj", "{776C8244-918A-4E1E-801F-5FE913A4E68C}"
EndProject
Project("{2150E333-8FDC-42A3-9474-1A3956D46DE8}") = "Day05", "Day05", "{B01C388B-AC11-4BB0-93F3-64B4E93CAF98}"
EndProject
Project("{FAE04EC0-301F-11D3-BF4B-00C04F79EFBC}") = "WpfAppClassMember", "WpfAppClassMember\WpfAppClassMember.csproj", "{C219B208-3F0E-44BD-BB6C-1412C6E35DB3}"
EndProject
Project("{2150E333-8FDC-42A3-9474-1A3956D46DE8}") = "Day06", "Day06", "{4B4D63F9-40B1-4BA6-919B-20BD914C1B42}"
EndProject
Project("{FAE04EC0-301F-11D3-BF4B-00C04F79EFBC}") = "WpfInterface", "WpfInterface\WpfInterface.csproj", "{7A57E897-DEB5-4130-9D23-0AE7A988DC77}"
EndProject
Project("{2150E333-8FDC-42A3-9474-1A3956D46DE8}") = "Day07", "Day07", "{F7445BF1-FAD4-4F49-9D6D-EA957E0FA178}"
EndProject
Project("{FAE04EC0-301F-11D3-BF4B-00C04F79EFBC}") = "ConsoleAppNativeMethods", "ConsoleAppNativeMethods\ConsoleAppNativeMethods.csproj", "{2F0031EA-1418-4A16-922D-C56306E5DA14}"
EndProject
Project("{FAE04EC0-301F-11D3-BF4B-00C04F79EFBC}") = "ListenForegroundWindow", "ListenForegroundWindow\ListenForegroundWindow.csproj", "{42E55EDD-2099-43F0-99F9-7F53A894E228}"
EndProject
Project("{2150E333-8FDC-42A3-9474-1A3956D46DE8}") = "Day08", "Day08", "{9A33B52A-1AD5-4A2F-94EE-060B23443D98}"
EndProject
Project("{FAE04EC0-301F-11D3-BF4B-00C04F79EFBC}") = "WpfAppTestWindowActivate", "WpfAppTestWindowActivate\WpfAppTestWindowActivate.csproj", "{7B8F597C-518E-4897-9D84-40EE80307021}"
EndProject
Project("{FAE04EC0-301F-11D3-BF4B-00C04F79EFBC}") = "ConsoleAppArray", "ConsoleAppArray\ConsoleAppArray.csproj", "{372C18BC-82DA-4DE8-B14F-7A7DC1A90BB3}"
EndProject
Project("{2150E333-8FDC-42A3-9474-1A3956D46DE8}") = "Day09", "Day09", "{2130AEBD-8B4C-429D-B577-EAA54B0B6D13}"
EndProject
Project("{FAE04EC0-301F-11D3-BF4B-00C04F79EFBC}") = "DelegateSample", "DelegateSample\DelegateSample.csproj", "{5CD707CA-484E-40C2-B798-94AF7715F8B3}"
EndProject
Project("{FAE04EC0-301F-11D3-BF4B-00C04F79EFBC}") = "EventSample", "EventSample\EventSample.csproj", "{5EE66D62-967A-4DB6-977A-DF46AA1A2EA8}"
EndProject
Project("{2150E333-8FDC-42A3-9474-1A3956D46DE8}") = "Day10", "Day10", "{0A9C3CCB-64A4-4B80-8048-A67735D8B089}"
EndProject
Project("{FAE04EC0-301F-11D3-BF4B-00C04F79EFBC}") = "RegularExpressionsSample", "RegularExpressionsSample\RegularExpressionsSample.csproj", "{0E9C921F-1397-432A-840A-E1C446A8066E}"
EndProject
Project("{2150E333-8FDC-42A3-9474-1A3956D46DE8}") = "Day11", "Day11", "{EACA49C7-EE3E-45B8-BBA6-1D824E07D0EF}"
EndProject
Project("{FAE04EC0-301F-11D3-BF4B-00C04F79EFBC}") = "WpfETWSample", "WpfETWSample\WpfETWSample.csproj", "{D0E4BC9C-FF55-4920-AB66-1311A82CE1D3}"
EndProject
Project("{FAE04EC0-301F-11D3-BF4B-00C04F79EFBC}") = "ProComLib", "ProComLib\ProComLib.csproj", "{2EB8DDEC-F743-4081-B139-3FCEF298534E}"
EndProject
Project("{2150E333-8FDC-42A3-9474-1A3956D46DE8}") = "Day12", "Day12", "{1BECF450-4CD7-4BAD-9F30-6FB03ADF0BCE}"
EndProject
Project("{FAE04EC0-301F-11D3-BF4B-00C04F79EFBC}") = "HttpClientSample", "HttpClientSample\HttpClientSample.csproj", "{A6B69A2A-9523-407C-9480-5C9B0AE4F155}"
EndProject
Project("{FAE04EC0-301F-11D3-BF4B-00C04F79EFBC}") = "CameraSample", "CameraSample\CameraSample.csproj", "{0D8CC9A0-741A-4C67-BFF1-3D4F8AECC1D1}"
EndProject
Global
	GlobalSection(SolutionConfigurationPlatforms) = preSolution
		Debug|Any CPU = Debug|Any CPU
		Debug|x64 = Debug|x64
		Debug|x86 = Debug|x86
		Release|Any CPU = Release|Any CPU
		Release|x64 = Release|x64
		Release|x86 = Release|x86
	EndGlobalSection
	GlobalSection(ProjectConfigurationPlatforms) = postSolution
		{DF94906B-D8CD-4422-BB3F-649F1D50DD4A}.Debug|Any CPU.ActiveCfg = Debug|Any CPU
		{DF94906B-D8CD-4422-BB3F-649F1D50DD4A}.Debug|Any CPU.Build.0 = Debug|Any CPU
		{DF94906B-D8CD-4422-BB3F-649F1D50DD4A}.Debug|x64.ActiveCfg = Debug|x64
		{DF94906B-D8CD-4422-BB3F-649F1D50DD4A}.Debug|x64.Build.0 = Debug|x64
		{DF94906B-D8CD-4422-BB3F-649F1D50DD4A}.Debug|x86.ActiveCfg = Debug|Any CPU
		{DF94906B-D8CD-4422-BB3F-649F1D50DD4A}.Debug|x86.Build.0 = Debug|Any CPU
		{DF94906B-D8CD-4422-BB3F-649F1D50DD4A}.Release|Any CPU.ActiveCfg = Release|Any CPU
		{DF94906B-D8CD-4422-BB3F-649F1D50DD4A}.Release|Any CPU.Build.0 = Release|Any CPU
		{DF94906B-D8CD-4422-BB3F-649F1D50DD4A}.Release|x64.ActiveCfg = Release|x64
		{DF94906B-D8CD-4422-BB3F-649F1D50DD4A}.Release|x64.Build.0 = Release|x64
		{DF94906B-D8CD-4422-BB3F-649F1D50DD4A}.Release|x86.ActiveCfg = Release|Any CPU
		{DF94906B-D8CD-4422-BB3F-649F1D50DD4A}.Release|x86.Build.0 = Release|Any CPU
		{1E9FD6A3-FAE4-44E6-8FC0-D886358B9CD3}.Debug|Any CPU.ActiveCfg = Debug|Any CPU
		{1E9FD6A3-FAE4-44E6-8FC0-D886358B9CD3}.Debug|Any CPU.Build.0 = Debug|Any CPU
		{1E9FD6A3-FAE4-44E6-8FC0-D886358B9CD3}.Debug|x64.ActiveCfg = Debug|x64
		{1E9FD6A3-FAE4-44E6-8FC0-D886358B9CD3}.Debug|x64.Build.0 = Debug|x64
		{1E9FD6A3-FAE4-44E6-8FC0-D886358B9CD3}.Debug|x86.ActiveCfg = Debug|Any CPU
		{1E9FD6A3-FAE4-44E6-8FC0-D886358B9CD3}.Debug|x86.Build.0 = Debug|Any CPU
		{1E9FD6A3-FAE4-44E6-8FC0-D886358B9CD3}.Release|Any CPU.ActiveCfg = Release|Any CPU
		{1E9FD6A3-FAE4-44E6-8FC0-D886358B9CD3}.Release|Any CPU.Build.0 = Release|Any CPU
		{1E9FD6A3-FAE4-44E6-8FC0-D886358B9CD3}.Release|x64.ActiveCfg = Release|x64
		{1E9FD6A3-FAE4-44E6-8FC0-D886358B9CD3}.Release|x64.Build.0 = Release|x64
		{1E9FD6A3-FAE4-44E6-8FC0-D886358B9CD3}.Release|x86.ActiveCfg = Release|Any CPU
		{1E9FD6A3-FAE4-44E6-8FC0-D886358B9CD3}.Release|x86.Build.0 = Release|Any CPU
		{3345A40C-FCC2-4B14-8CBD-B9ED0DF330AB}.Debug|Any CPU.ActiveCfg = Debug|Any CPU
		{3345A40C-FCC2-4B14-8CBD-B9ED0DF330AB}.Debug|Any CPU.Build.0 = Debug|Any CPU
		{3345A40C-FCC2-4B14-8CBD-B9ED0DF330AB}.Debug|x64.ActiveCfg = Debug|x64
		{3345A40C-FCC2-4B14-8CBD-B9ED0DF330AB}.Debug|x64.Build.0 = Debug|x64
		{3345A40C-FCC2-4B14-8CBD-B9ED0DF330AB}.Debug|x86.ActiveCfg = Debug|Any CPU
		{3345A40C-FCC2-4B14-8CBD-B9ED0DF330AB}.Debug|x86.Build.0 = Debug|Any CPU
		{3345A40C-FCC2-4B14-8CBD-B9ED0DF330AB}.Release|Any CPU.ActiveCfg = Release|Any CPU
		{3345A40C-FCC2-4B14-8CBD-B9ED0DF330AB}.Release|Any CPU.Build.0 = Release|Any CPU
		{3345A40C-FCC2-4B14-8CBD-B9ED0DF330AB}.Release|x64.ActiveCfg = Release|x64
		{3345A40C-FCC2-4B14-8CBD-B9ED0DF330AB}.Release|x64.Build.0 = Release|x64
		{3345A40C-FCC2-4B14-8CBD-B9ED0DF330AB}.Release|x86.ActiveCfg = Release|Any CPU
		{3345A40C-FCC2-4B14-8CBD-B9ED0DF330AB}.Release|x86.Build.0 = Release|Any CPU
		{FA27934A-0904-433B-B354-32E7576F8728}.Debug|Any CPU.ActiveCfg = Debug|Any CPU
		{FA27934A-0904-433B-B354-32E7576F8728}.Debug|Any CPU.Build.0 = Debug|Any CPU
		{FA27934A-0904-433B-B354-32E7576F8728}.Debug|x64.ActiveCfg = Debug|x64
		{FA27934A-0904-433B-B354-32E7576F8728}.Debug|x64.Build.0 = Debug|x64
		{FA27934A-0904-433B-B354-32E7576F8728}.Debug|x86.ActiveCfg = Debug|Any CPU
		{FA27934A-0904-433B-B354-32E7576F8728}.Debug|x86.Build.0 = Debug|Any CPU
		{FA27934A-0904-433B-B354-32E7576F8728}.Release|Any CPU.ActiveCfg = Release|Any CPU
		{FA27934A-0904-433B-B354-32E7576F8728}.Release|Any CPU.Build.0 = Release|Any CPU
		{FA27934A-0904-433B-B354-32E7576F8728}.Release|x64.ActiveCfg = Release|x64
		{FA27934A-0904-433B-B354-32E7576F8728}.Release|x64.Build.0 = Release|x64
		{FA27934A-0904-433B-B354-32E7576F8728}.Release|x86.ActiveCfg = Release|Any CPU
		{FA27934A-0904-433B-B354-32E7576F8728}.Release|x86.Build.0 = Release|Any CPU
		{CDDC2F40-B19D-41E6-9551-C824D4F9BFBD}.Debug|Any CPU.ActiveCfg = Debug|Any CPU
		{CDDC2F40-B19D-41E6-9551-C824D4F9BFBD}.Debug|Any CPU.Build.0 = Debug|Any CPU
		{CDDC2F40-B19D-41E6-9551-C824D4F9BFBD}.Debug|x64.ActiveCfg = Debug|x64
		{CDDC2F40-B19D-41E6-9551-C824D4F9BFBD}.Debug|x64.Build.0 = Debug|x64
		{CDDC2F40-B19D-41E6-9551-C824D4F9BFBD}.Debug|x86.ActiveCfg = Debug|Any CPU
		{CDDC2F40-B19D-41E6-9551-C824D4F9BFBD}.Debug|x86.Build.0 = Debug|Any CPU
		{CDDC2F40-B19D-41E6-9551-C824D4F9BFBD}.Release|Any CPU.ActiveCfg = Release|Any CPU
		{CDDC2F40-B19D-41E6-9551-C824D4F9BFBD}.Release|Any CPU.Build.0 = Release|Any CPU
		{CDDC2F40-B19D-41E6-9551-C824D4F9BFBD}.Release|x64.ActiveCfg = Release|x64
		{CDDC2F40-B19D-41E6-9551-C824D4F9BFBD}.Release|x64.Build.0 = Release|x64
		{CDDC2F40-B19D-41E6-9551-C824D4F9BFBD}.Release|x86.ActiveCfg = Release|Any CPU
		{CDDC2F40-B19D-41E6-9551-C824D4F9BFBD}.Release|x86.Build.0 = Release|Any CPU
		{776C8244-918A-4E1E-801F-5FE913A4E68C}.Debug|Any CPU.ActiveCfg = Debug|Any CPU
		{776C8244-918A-4E1E-801F-5FE913A4E68C}.Debug|Any CPU.Build.0 = Debug|Any CPU
		{776C8244-918A-4E1E-801F-5FE913A4E68C}.Debug|x64.ActiveCfg = Debug|x64
		{776C8244-918A-4E1E-801F-5FE913A4E68C}.Debug|x64.Build.0 = Debug|x64
		{776C8244-918A-4E1E-801F-5FE913A4E68C}.Debug|x86.ActiveCfg = Debug|Any CPU
		{776C8244-918A-4E1E-801F-5FE913A4E68C}.Debug|x86.Build.0 = Debug|Any CPU
		{776C8244-918A-4E1E-801F-5FE913A4E68C}.Release|Any CPU.ActiveCfg = Release|Any CPU
		{776C8244-918A-4E1E-801F-5FE913A4E68C}.Release|Any CPU.Build.0 = Release|Any CPU
		{776C8244-918A-4E1E-801F-5FE913A4E68C}.Release|x64.ActiveCfg = Release|x64
		{776C8244-918A-4E1E-801F-5FE913A4E68C}.Release|x64.Build.0 = Release|x64
		{776C8244-918A-4E1E-801F-5FE913A4E68C}.Release|x86.ActiveCfg = Release|Any CPU
		{776C8244-918A-4E1E-801F-5FE913A4E68C}.Release|x86.Build.0 = Release|Any CPU
		{C219B208-3F0E-44BD-BB6C-1412C6E35DB3}.Debug|Any CPU.ActiveCfg = Debug|Any CPU
		{C219B208-3F0E-44BD-BB6C-1412C6E35DB3}.Debug|Any CPU.Build.0 = Debug|Any CPU
		{C219B208-3F0E-44BD-BB6C-1412C6E35DB3}.Debug|x64.ActiveCfg = Debug|x64
		{C219B208-3F0E-44BD-BB6C-1412C6E35DB3}.Debug|x64.Build.0 = Debug|x64
		{C219B208-3F0E-44BD-BB6C-1412C6E35DB3}.Debug|x86.ActiveCfg = Debug|Any CPU
		{C219B208-3F0E-44BD-BB6C-1412C6E35DB3}.Debug|x86.Build.0 = Debug|Any CPU
		{C219B208-3F0E-44BD-BB6C-1412C6E35DB3}.Release|Any CPU.ActiveCfg = Release|Any CPU
		{C219B208-3F0E-44BD-BB6C-1412C6E35DB3}.Release|Any CPU.Build.0 = Release|Any CPU
		{C219B208-3F0E-44BD-BB6C-1412C6E35DB3}.Release|x64.ActiveCfg = Release|x64
		{C219B208-3F0E-44BD-BB6C-1412C6E35DB3}.Release|x64.Build.0 = Release|x64
		{C219B208-3F0E-44BD-BB6C-1412C6E35DB3}.Release|x86.ActiveCfg = Release|Any CPU
		{C219B208-3F0E-44BD-BB6C-1412C6E35DB3}.Release|x86.Build.0 = Release|Any CPU
		{7A57E897-DEB5-4130-9D23-0AE7A988DC77}.Debug|Any CPU.ActiveCfg = Debug|Any CPU
		{7A57E897-DEB5-4130-9D23-0AE7A988DC77}.Debug|Any CPU.Build.0 = Debug|Any CPU
		{7A57E897-DEB5-4130-9D23-0AE7A988DC77}.Debug|x64.ActiveCfg = Debug|x64
		{7A57E897-DEB5-4130-9D23-0AE7A988DC77}.Debug|x64.Build.0 = Debug|x64
		{7A57E897-DEB5-4130-9D23-0AE7A988DC77}.Debug|x86.ActiveCfg = Debug|Any CPU
		{7A57E897-DEB5-4130-9D23-0AE7A988DC77}.Debug|x86.Build.0 = Debug|Any CPU
		{7A57E897-DEB5-4130-9D23-0AE7A988DC77}.Release|Any CPU.ActiveCfg = Release|Any CPU
		{7A57E897-DEB5-4130-9D23-0AE7A988DC77}.Release|Any CPU.Build.0 = Release|Any CPU
		{7A57E897-DEB5-4130-9D23-0AE7A988DC77}.Release|x64.ActiveCfg = Release|x64
		{7A57E897-DEB5-4130-9D23-0AE7A988DC77}.Release|x64.Build.0 = Release|x64
		{7A57E897-DEB5-4130-9D23-0AE7A988DC77}.Release|x86.ActiveCfg = Release|Any CPU
		{7A57E897-DEB5-4130-9D23-0AE7A988DC77}.Release|x86.Build.0 = Release|Any CPU
		{2F0031EA-1418-4A16-922D-C56306E5DA14}.Debug|Any CPU.ActiveCfg = Debug|Any CPU
		{2F0031EA-1418-4A16-922D-C56306E5DA14}.Debug|Any CPU.Build.0 = Debug|Any CPU
		{2F0031EA-1418-4A16-922D-C56306E5DA14}.Debug|x64.ActiveCfg = Debug|x64
		{2F0031EA-1418-4A16-922D-C56306E5DA14}.Debug|x64.Build.0 = Debug|x64
		{2F0031EA-1418-4A16-922D-C56306E5DA14}.Debug|x86.ActiveCfg = Debug|Any CPU
		{2F0031EA-1418-4A16-922D-C56306E5DA14}.Debug|x86.Build.0 = Debug|Any CPU
		{2F0031EA-1418-4A16-922D-C56306E5DA14}.Release|Any CPU.ActiveCfg = Release|Any CPU
		{2F0031EA-1418-4A16-922D-C56306E5DA14}.Release|Any CPU.Build.0 = Release|Any CPU
		{2F0031EA-1418-4A16-922D-C56306E5DA14}.Release|x64.ActiveCfg = Release|x64
		{2F0031EA-1418-4A16-922D-C56306E5DA14}.Release|x64.Build.0 = Release|x64
		{2F0031EA-1418-4A16-922D-C56306E5DA14}.Release|x86.ActiveCfg = Release|Any CPU
		{2F0031EA-1418-4A16-922D-C56306E5DA14}.Release|x86.Build.0 = Release|Any CPU
		{42E55EDD-2099-43F0-99F9-7F53A894E228}.Debug|Any CPU.ActiveCfg = Debug|Any CPU
		{42E55EDD-2099-43F0-99F9-7F53A894E228}.Debug|Any CPU.Build.0 = Debug|Any CPU
		{42E55EDD-2099-43F0-99F9-7F53A894E228}.Debug|x64.ActiveCfg = Debug|x64
		{42E55EDD-2099-43F0-99F9-7F53A894E228}.Debug|x64.Build.0 = Debug|x64
		{42E55EDD-2099-43F0-99F9-7F53A894E228}.Debug|x86.ActiveCfg = Debug|Any CPU
		{42E55EDD-2099-43F0-99F9-7F53A894E228}.Debug|x86.Build.0 = Debug|Any CPU
		{42E55EDD-2099-43F0-99F9-7F53A894E228}.Release|Any CPU.ActiveCfg = Release|Any CPU
		{42E55EDD-2099-43F0-99F9-7F53A894E228}.Release|Any CPU.Build.0 = Release|Any CPU
		{42E55EDD-2099-43F0-99F9-7F53A894E228}.Release|x64.ActiveCfg = Release|x64
		{42E55EDD-2099-43F0-99F9-7F53A894E228}.Release|x64.Build.0 = Release|x64
		{42E55EDD-2099-43F0-99F9-7F53A894E228}.Release|x86.ActiveCfg = Release|Any CPU
		{42E55EDD-2099-43F0-99F9-7F53A894E228}.Release|x86.Build.0 = Release|Any CPU
		{7B8F597C-518E-4897-9D84-40EE80307021}.Debug|Any CPU.ActiveCfg = Debug|Any CPU
		{7B8F597C-518E-4897-9D84-40EE80307021}.Debug|Any CPU.Build.0 = Debug|Any CPU
		{7B8F597C-518E-4897-9D84-40EE80307021}.Debug|x64.ActiveCfg = Debug|x64
		{7B8F597C-518E-4897-9D84-40EE80307021}.Debug|x64.Build.0 = Debug|x64
		{7B8F597C-518E-4897-9D84-40EE80307021}.Debug|x86.ActiveCfg = Debug|Any CPU
		{7B8F597C-518E-4897-9D84-40EE80307021}.Debug|x86.Build.0 = Debug|Any CPU
		{7B8F597C-518E-4897-9D84-40EE80307021}.Release|Any CPU.ActiveCfg = Release|Any CPU
		{7B8F597C-518E-4897-9D84-40EE80307021}.Release|Any CPU.Build.0 = Release|Any CPU
		{7B8F597C-518E-4897-9D84-40EE80307021}.Release|x64.ActiveCfg = Release|x64
		{7B8F597C-518E-4897-9D84-40EE80307021}.Release|x64.Build.0 = Release|x64
		{7B8F597C-518E-4897-9D84-40EE80307021}.Release|x86.ActiveCfg = Release|Any CPU
		{7B8F597C-518E-4897-9D84-40EE80307021}.Release|x86.Build.0 = Release|Any CPU
		{372C18BC-82DA-4DE8-B14F-7A7DC1A90BB3}.Debug|Any CPU.ActiveCfg = Debug|Any CPU
		{372C18BC-82DA-4DE8-B14F-7A7DC1A90BB3}.Debug|Any CPU.Build.0 = Debug|Any CPU
		{372C18BC-82DA-4DE8-B14F-7A7DC1A90BB3}.Debug|x64.ActiveCfg = Debug|x64
		{372C18BC-82DA-4DE8-B14F-7A7DC1A90BB3}.Debug|x64.Build.0 = Debug|x64
		{372C18BC-82DA-4DE8-B14F-7A7DC1A90BB3}.Debug|x86.ActiveCfg = Debug|Any CPU
		{372C18BC-82DA-4DE8-B14F-7A7DC1A90BB3}.Debug|x86.Build.0 = Debug|Any CPU
		{372C18BC-82DA-4DE8-B14F-7A7DC1A90BB3}.Release|Any CPU.ActiveCfg = Release|Any CPU
		{372C18BC-82DA-4DE8-B14F-7A7DC1A90BB3}.Release|Any CPU.Build.0 = Release|Any CPU
		{372C18BC-82DA-4DE8-B14F-7A7DC1A90BB3}.Release|x64.ActiveCfg = Release|x64
		{372C18BC-82DA-4DE8-B14F-7A7DC1A90BB3}.Release|x64.Build.0 = Release|x64
		{372C18BC-82DA-4DE8-B14F-7A7DC1A90BB3}.Release|x86.ActiveCfg = Release|Any CPU
		{372C18BC-82DA-4DE8-B14F-7A7DC1A90BB3}.Release|x86.Build.0 = Release|Any CPU
		{5CD707CA-484E-40C2-B798-94AF7715F8B3}.Debug|Any CPU.ActiveCfg = Debug|Any CPU
		{5CD707CA-484E-40C2-B798-94AF7715F8B3}.Debug|Any CPU.Build.0 = Debug|Any CPU
		{5CD707CA-484E-40C2-B798-94AF7715F8B3}.Debug|x64.ActiveCfg = Debug|x64
		{5CD707CA-484E-40C2-B798-94AF7715F8B3}.Debug|x64.Build.0 = Debug|x64
		{5CD707CA-484E-40C2-B798-94AF7715F8B3}.Debug|x86.ActiveCfg = Debug|Any CPU
		{5CD707CA-484E-40C2-B798-94AF7715F8B3}.Debug|x86.Build.0 = Debug|Any CPU
		{5CD707CA-484E-40C2-B798-94AF7715F8B3}.Release|Any CPU.ActiveCfg = Release|Any CPU
		{5CD707CA-484E-40C2-B798-94AF7715F8B3}.Release|Any CPU.Build.0 = Release|Any CPU
		{5CD707CA-484E-40C2-B798-94AF7715F8B3}.Release|x64.ActiveCfg = Release|x64
		{5CD707CA-484E-40C2-B798-94AF7715F8B3}.Release|x64.Build.0 = Release|x64
		{5CD707CA-484E-40C2-B798-94AF7715F8B3}.Release|x86.ActiveCfg = Release|Any CPU
		{5CD707CA-484E-40C2-B798-94AF7715F8B3}.Release|x86.Build.0 = Release|Any CPU
		{5EE66D62-967A-4DB6-977A-DF46AA1A2EA8}.Debug|Any CPU.ActiveCfg = Debug|Any CPU
		{5EE66D62-967A-4DB6-977A-DF46AA1A2EA8}.Debug|Any CPU.Build.0 = Debug|Any CPU
		{5EE66D62-967A-4DB6-977A-DF46AA1A2EA8}.Debug|x64.ActiveCfg = Debug|x64
		{5EE66D62-967A-4DB6-977A-DF46AA1A2EA8}.Debug|x64.Build.0 = Debug|x64
		{5EE66D62-967A-4DB6-977A-DF46AA1A2EA8}.Debug|x86.ActiveCfg = Debug|Any CPU
		{5EE66D62-967A-4DB6-977A-DF46AA1A2EA8}.Debug|x86.Build.0 = Debug|Any CPU
		{5EE66D62-967A-4DB6-977A-DF46AA1A2EA8}.Release|Any CPU.ActiveCfg = Release|Any CPU
		{5EE66D62-967A-4DB6-977A-DF46AA1A2EA8}.Release|Any CPU.Build.0 = Release|Any CPU
		{5EE66D62-967A-4DB6-977A-DF46AA1A2EA8}.Release|x64.ActiveCfg = Release|x64
		{5EE66D62-967A-4DB6-977A-DF46AA1A2EA8}.Release|x64.Build.0 = Release|x64
		{5EE66D62-967A-4DB6-977A-DF46AA1A2EA8}.Release|x86.ActiveCfg = Release|Any CPU
		{5EE66D62-967A-4DB6-977A-DF46AA1A2EA8}.Release|x86.Build.0 = Release|Any CPU
		{0E9C921F-1397-432A-840A-E1C446A8066E}.Debug|Any CPU.ActiveCfg = Debug|Any CPU
		{0E9C921F-1397-432A-840A-E1C446A8066E}.Debug|Any CPU.Build.0 = Debug|Any CPU
		{0E9C921F-1397-432A-840A-E1C446A8066E}.Debug|x64.ActiveCfg = Debug|x64
		{0E9C921F-1397-432A-840A-E1C446A8066E}.Debug|x64.Build.0 = Debug|x64
		{0E9C921F-1397-432A-840A-E1C446A8066E}.Debug|x86.ActiveCfg = Debug|Any CPU
		{0E9C921F-1397-432A-840A-E1C446A8066E}.Debug|x86.Build.0 = Debug|Any CPU
		{0E9C921F-1397-432A-840A-E1C446A8066E}.Release|Any CPU.ActiveCfg = Release|Any CPU
		{0E9C921F-1397-432A-840A-E1C446A8066E}.Release|Any CPU.Build.0 = Release|Any CPU
		{0E9C921F-1397-432A-840A-E1C446A8066E}.Release|x64.ActiveCfg = Release|x64
		{0E9C921F-1397-432A-840A-E1C446A8066E}.Release|x64.Build.0 = Release|x64
		{0E9C921F-1397-432A-840A-E1C446A8066E}.Release|x86.ActiveCfg = Release|Any CPU
		{0E9C921F-1397-432A-840A-E1C446A8066E}.Release|x86.Build.0 = Release|Any CPU
		{D0E4BC9C-FF55-4920-AB66-1311A82CE1D3}.Debug|Any CPU.ActiveCfg = Debug|Any CPU
		{D0E4BC9C-FF55-4920-AB66-1311A82CE1D3}.Debug|Any CPU.Build.0 = Debug|Any CPU
		{D0E4BC9C-FF55-4920-AB66-1311A82CE1D3}.Debug|x64.ActiveCfg = Debug|x64
		{D0E4BC9C-FF55-4920-AB66-1311A82CE1D3}.Debug|x64.Build.0 = Debug|x64
		{D0E4BC9C-FF55-4920-AB66-1311A82CE1D3}.Debug|x86.ActiveCfg = Debug|Any CPU
		{D0E4BC9C-FF55-4920-AB66-1311A82CE1D3}.Debug|x86.Build.0 = Debug|Any CPU
		{D0E4BC9C-FF55-4920-AB66-1311A82CE1D3}.Release|Any CPU.ActiveCfg = Release|Any CPU
		{D0E4BC9C-FF55-4920-AB66-1311A82CE1D3}.Release|Any CPU.Build.0 = Release|Any CPU
		{D0E4BC9C-FF55-4920-AB66-1311A82CE1D3}.Release|x64.ActiveCfg = Release|x64
		{D0E4BC9C-FF55-4920-AB66-1311A82CE1D3}.Release|x64.Build.0 = Release|x64
		{D0E4BC9C-FF55-4920-AB66-1311A82CE1D3}.Release|x86.ActiveCfg = Release|Any CPU
		{D0E4BC9C-FF55-4920-AB66-1311A82CE1D3}.Release|x86.Build.0 = Release|Any CPU
		{2EB8DDEC-F743-4081-B139-3FCEF298534E}.Debug|Any CPU.ActiveCfg = Debug|Any CPU
		{2EB8DDEC-F743-4081-B139-3FCEF298534E}.Debug|Any CPU.Build.0 = Debug|Any CPU
		{2EB8DDEC-F743-4081-B139-3FCEF298534E}.Debug|x64.ActiveCfg = Debug|x64
		{2EB8DDEC-F743-4081-B139-3FCEF298534E}.Debug|x64.Build.0 = Debug|x64
		{2EB8DDEC-F743-4081-B139-3FCEF298534E}.Debug|x86.ActiveCfg = Debug|Any CPU
		{2EB8DDEC-F743-4081-B139-3FCEF298534E}.Debug|x86.Build.0 = Debug|Any CPU
		{2EB8DDEC-F743-4081-B139-3FCEF298534E}.Release|Any CPU.ActiveCfg = Release|Any CPU
		{2EB8DDEC-F743-4081-B139-3FCEF298534E}.Release|Any CPU.Build.0 = Release|Any CPU
		{2EB8DDEC-F743-4081-B139-3FCEF298534E}.Release|x64.ActiveCfg = Release|x64
		{2EB8DDEC-F743-4081-B139-3FCEF298534E}.Release|x64.Build.0 = Release|x64
		{2EB8DDEC-F743-4081-B139-3FCEF298534E}.Release|x86.ActiveCfg = Release|Any CPU
		{2EB8DDEC-F743-4081-B139-3FCEF298534E}.Release|x86.Build.0 = Release|Any CPU
		{A6B69A2A-9523-407C-9480-5C9B0AE4F155}.Debug|Any CPU.ActiveCfg = Debug|Any CPU
		{A6B69A2A-9523-407C-9480-5C9B0AE4F155}.Debug|Any CPU.Build.0 = Debug|Any CPU
		{A6B69A2A-9523-407C-9480-5C9B0AE4F155}.Debug|x64.ActiveCfg = Debug|x64
		{A6B69A2A-9523-407C-9480-5C9B0AE4F155}.Debug|x64.Build.0 = Debug|x64
		{A6B69A2A-9523-407C-9480-5C9B0AE4F155}.Debug|x86.ActiveCfg = Debug|Any CPU
		{A6B69A2A-9523-407C-9480-5C9B0AE4F155}.Debug|x86.Build.0 = Debug|Any CPU
		{A6B69A2A-9523-407C-9480-5C9B0AE4F155}.Release|Any CPU.ActiveCfg = Release|Any CPU
		{A6B69A2A-9523-407C-9480-5C9B0AE4F155}.Release|Any CPU.Build.0 = Release|Any CPU
		{A6B69A2A-9523-407C-9480-5C9B0AE4F155}.Release|x64.ActiveCfg = Release|x64
		{A6B69A2A-9523-407C-9480-5C9B0AE4F155}.Release|x64.Build.0 = Release|x64
		{A6B69A2A-9523-407C-9480-5C9B0AE4F155}.Release|x86.ActiveCfg = Release|Any CPU
		{A6B69A2A-9523-407C-9480-5C9B0AE4F155}.Release|x86.Build.0 = Release|Any CPU
		{0D8CC9A0-741A-4C67-BFF1-3D4F8AECC1D1}.Debug|Any CPU.ActiveCfg = Debug|Any CPU
		{0D8CC9A0-741A-4C67-BFF1-3D4F8AECC1D1}.Debug|Any CPU.Build.0 = Debug|Any CPU
		{0D8CC9A0-741A-4C67-BFF1-3D4F8AECC1D1}.Debug|x64.ActiveCfg = Debug|x64
		{0D8CC9A0-741A-4C67-BFF1-3D4F8AECC1D1}.Debug|x64.Build.0 = Debug|x64
		{0D8CC9A0-741A-4C67-BFF1-3D4F8AECC1D1}.Debug|x86.ActiveCfg = Debug|Any CPU
		{0D8CC9A0-741A-4C67-BFF1-3D4F8AECC1D1}.Debug|x86.Build.0 = Debug|Any CPU
		{0D8CC9A0-741A-4C67-BFF1-3D4F8AECC1D1}.Release|Any CPU.ActiveCfg = Release|Any CPU
		{0D8CC9A0-741A-4C67-BFF1-3D4F8AECC1D1}.Release|Any CPU.Build.0 = Release|Any CPU
		{0D8CC9A0-741A-4C67-BFF1-3D4F8AECC1D1}.Release|x64.ActiveCfg = Release|Any CPU
		{0D8CC9A0-741A-4C67-BFF1-3D4F8AECC1D1}.Release|x64.Build.0 = Release|Any CPU
		{0D8CC9A0-741A-4C67-BFF1-3D4F8AECC1D1}.Release|x86.ActiveCfg = Release|Any CPU
		{0D8CC9A0-741A-4C67-BFF1-3D4F8AECC1D1}.Release|x86.Build.0 = Release|Any CPU
	EndGlobalSection
	GlobalSection(SolutionProperties) = preSolution
		HideSolutionNode = FALSE
	EndGlobalSection
	GlobalSection(NestedProjects) = preSolution
		{DF94906B-D8CD-4422-BB3F-649F1D50DD4A} = {A13B5A24-0C27-4097-BCF0-2C4A6ADECCB4}
		{1E9FD6A3-FAE4-44E6-8FC0-D886358B9CD3} = {2B3CB8F9-A73D-415F-8133-A0C6A72D7656}
		{3345A40C-FCC2-4B14-8CBD-B9ED0DF330AB} = {DE7474D4-A3E1-432C-924B-24AB32AE1B4F}
		{FA27934A-0904-433B-B354-32E7576F8728} = {DE7474D4-A3E1-432C-924B-24AB32AE1B4F}
		{CDDC2F40-B19D-41E6-9551-C824D4F9BFBD} = {DE7474D4-A3E1-432C-924B-24AB32AE1B4F}
		{776C8244-918A-4E1E-801F-5FE913A4E68C} = {90D9873B-E894-44E7-B5DB-867AD46E1DC4}
		{C219B208-3F0E-44BD-BB6C-1412C6E35DB3} = {B01C388B-AC11-4BB0-93F3-64B4E93CAF98}
		{7A57E897-DEB5-4130-9D23-0AE7A988DC77} = {4B4D63F9-40B1-4BA6-919B-20BD914C1B42}
		{2F0031EA-1418-4A16-922D-C56306E5DA14} = {F7445BF1-FAD4-4F49-9D6D-EA957E0FA178}
		{42E55EDD-2099-43F0-99F9-7F53A894E228} = {F7445BF1-FAD4-4F49-9D6D-EA957E0FA178}
		{7B8F597C-518E-4897-9D84-40EE80307021} = {9A33B52A-1AD5-4A2F-94EE-060B23443D98}
		{372C18BC-82DA-4DE8-B14F-7A7DC1A90BB3} = {9A33B52A-1AD5-4A2F-94EE-060B23443D98}
		{5CD707CA-484E-40C2-B798-94AF7715F8B3} = {2130AEBD-8B4C-429D-B577-EAA54B0B6D13}
		{5EE66D62-967A-4DB6-977A-DF46AA1A2EA8} = {2130AEBD-8B4C-429D-B577-EAA54B0B6D13}
		{0E9C921F-1397-432A-840A-E1C446A8066E} = {0A9C3CCB-64A4-4B80-8048-A67735D8B089}
		{D0E4BC9C-FF55-4920-AB66-1311A82CE1D3} = {EACA49C7-EE3E-45B8-BBA6-1D824E07D0EF}
		{2EB8DDEC-F743-4081-B139-3FCEF298534E} = {EACA49C7-EE3E-45B8-BBA6-1D824E07D0EF}
		{A6B69A2A-9523-407C-9480-5C9B0AE4F155} = {1BECF450-4CD7-4BAD-9F30-6FB03ADF0BCE}
		{0D8CC9A0-741A-4C67-BFF1-3D4F8AECC1D1} = {1BECF450-4CD7-4BAD-9F30-6FB03ADF0BCE}
	EndGlobalSection
	GlobalSection(ExtensibilityGlobals) = postSolution
		SolutionGuid = {3E7F3194-B0FA-4957-9F36-09E4B4EFEE05}
	EndGlobalSection
EndGlobal
